
Microsoft Visual Studio Solution File, Format Version 12.00
# Visual Studio Version 17
VisualStudioVersion = 17.3.32825.248
MinimumVisualStudioVersion = 10.0.40219.1
Project("{FAE04EC0-301F-11D3-BF4B-00C04F79EFBC}") = "WindowsFormsApp1", "WindowsFormsApp1.csproj", "{9CB78E7D-BBE7-4646-93B5-A194F8AC4F1D}"
EndProject
Project("{FAE04EC0-301F-11D3-BF4B-00C04F79EFBC}") = "Datos", "..\Datos\Datos.csproj", "{1B9D0C16-159A-4BF1-BBD9-90B7C3BEC516}"
EndProject
Project("{FAE04EC0-301F-11D3-BF4B-00C04F79EFBC}") = "Negocio", "..\Negocio\Negocio.csproj", "{0BD487E8-946E-4CAC-AFBA-C9DFC2612639}"
EndProject
Global
	GlobalSection(SolutionConfigurationPlatforms) = preSolution
		Debug|Any CPU = Debug|Any CPU
		Release|Any CPU = Release|Any CPU
	EndGlobalSection
	GlobalSection(ProjectConfigurationPlatforms) = postSolution
		{9CB78E7D-BBE7-4646-93B5-A194F8AC4F1D}.Debug|Any CPU.ActiveCfg = Debug|Any CPU
		{9CB78E7D-BBE7-4646-93B5-A194F8AC4F1D}.Debug|Any CPU.Build.0 = Debug|Any CPU
		{9CB78E7D-BBE7-4646-93B5-A194F8AC4F1D}.Release|Any CPU.ActiveCfg = Release|Any CPU
		{9CB78E7D-BBE7-4646-93B5-A194F8AC4F1D}.Release|Any CPU.Build.0 = Release|Any CPU
		{1B9D0C16-159A-4BF1-BBD9-90B7C3BEC516}.Debug|Any CPU.ActiveCfg = Debug|Any CPU
		{1B9D0C16-159A-4BF1-BBD9-90B7C3BEC516}.Debug|Any CPU.Build.0 = Debug|Any CPU
		{1B9D0C16-159A-4BF1-BBD9-90B7C3BEC516}.Release|Any CPU.ActiveCfg = Release|Any CPU
		{1B9D0C16-159A-4BF1-BBD9-90B7C3BEC516}.Release|Any CPU.Build.0 = Release|Any CPU
		{0BD487E8-946E-4CAC-AFBA-C9DFC2612639}.Debug|Any CPU.ActiveCfg = Debug|Any CPU
		{0BD487E8-946E-4CAC-AFBA-C9DFC2612639}.Debug|Any CPU.Build.0 = Debug|Any CPU
		{0BD487E8-946E-4CAC-AFBA-C9DFC2612639}.Release|Any CPU.ActiveCfg = Release|Any CPU
		{0BD487E8-946E-4CAC-AFBA-C9DFC2612639}.Release|Any CPU.Build.0 = Release|Any CPU
	EndGlobalSection
	GlobalSection(SolutionProperties) = preSolution
		HideSolutionNode = FALSE
	EndGlobalSection
	GlobalSection(ExtensibilityGlobals) = postSolution
		SolutionGuid = {F6481DA6-6BAB-4890-ACBF-1149FE34DB4A}
	EndGlobalSection
EndGlobal
